
Microsoft Visual Studio Solution File, Format Version 12.00
# Visual Studio Version 17
VisualStudioVersion = 17.0.32014.148
MinimumVisualStudioVersion = 10.0.40219.1
Project("{FAE04EC0-301F-11D3-BF4B-00C04F79EFBC}") = "egis", "ShapeFileTools\egis.csproj", "{9B44F499-6935-4FD7-8078-4FAEEEDA1CF4}"
EndProject
Project("{9A19103F-16F7-4668-BE54-9A1E7A4F7556}") = "EGIS.ShapeFileLib", "egis.ShapeFileLib\EGIS.ShapeFileLib.csproj", "{C89DEB9B-4DCA-4792-B216-F00808606AF7}"
EndProject
Project("{9A19103F-16F7-4668-BE54-9A1E7A4F7556}") = "EGIS.Controls", "egis.controls\EGIS.Controls.csproj", "{EB97525D-0906-4A14-A995-93667B565521}"
EndProject
Project("{9A19103F-16F7-4668-BE54-9A1E7A4F7556}") = "EGIS.Projections", "EGIS.Projections\EGIS.Projections.csproj", "{9B3D02D0-D57D-4E7D-A04C-9DDCB36F0CE7}"
EndProject
Project("{FAE04EC0-301F-11D3-BF4B-00C04F79EFBC}") = "UnitTests", "UnitTests\UnitTests.csproj", "{95935182-7ED1-45FC-96BA-CBF6AFBF0E38}"
EndProject
Project("{9A19103F-16F7-4668-BE54-9A1E7A4F7556}") = "UnitTests.Net6", "UnitTests.Net6\UnitTests.Net6.csproj", "{AA9B6017-634D-41A3-BF2E-AE98744DAAD7}"
EndProject
Project("{2150E333-8FDC-42A3-9474-1A3956D46DE8}") = "Examples", "Examples", "{439DE25C-1EAC-4A1C-84B1-4466456B56BE}"
EndProject
Project("{FAE04EC0-301F-11D3-BF4B-00C04F79EFBC}") = "Example1-ShpRender", "Examples\Example1\Example1-ShpRender.csproj", "{5206328B-C821-4F8A-B66A-694CD16FAF0F}"
EndProject
Project("{FAE04EC0-301F-11D3-BF4B-00C04F79EFBC}") = "Example2-ShpDb", "Examples\Example2\Example2-ShpDb.csproj", "{1D32FD4E-5B47-401C-BA32-DD3EE447C91A}"
EndProject
Project("{FAE04EC0-301F-11D3-BF4B-00C04F79EFBC}") = "Example3-ShpFilter", "Examples\Example3\Example3-ShpFilter.csproj", "{83A23771-248F-4CE4-B382-DD81B872DDF0}"
EndProject
Project("{FAE04EC0-301F-11D3-BF4B-00C04F79EFBC}") = "Example4-Shp2KML", "Examples\Example4\Example4-Shp2KML.csproj", "{C6E49FF8-4BEC-4DB0-8671-BF76DFF49D78}"
EndProject
Project("{FAE04EC0-301F-11D3-BF4B-00C04F79EFBC}") = "Example5-GPS", "Examples\Example5\Example5-GPS.csproj", "{096C55E0-25C7-42DC-B0E0-FF62BF82427B}"
EndProject
Project("{FAE04EC0-301F-11D3-BF4B-00C04F79EFBC}") = "Example6", "Examples\Example6\Example6.csproj", "{6C0E6284-18DD-419E-BB7D-184D9258D331}"
EndProject
Project("{FAE04EC0-301F-11D3-BF4B-00C04F79EFBC}") = "Example8-ShpPOI Render", "Examples\Example8\Example8-ShpPOI Render.csproj", "{3172EF37-14A5-46B5-AC88-DDC9C0C267D4}"
EndProject
Project("{FAE04EC0-301F-11D3-BF4B-00C04F79EFBC}") = "HeatmapDemo", "Examples\HeatMap\HeatmapDemo\HeatmapDemo.csproj", "{AE42C555-E81C-4715-8660-730CAF4CB361}"
EndProject
Project("{FAE04EC0-301F-11D3-BF4B-00C04F79EFBC}") = "ShpToMapboxVT", "Examples\ShpToMapboxVT\ShpToMapboxVT\ShpToMapboxVT.csproj", "{F5FA7BC7-73E5-4F49-9D68-74C02A1599BF}"
EndProject
Project("{FAE04EC0-301F-11D3-BF4B-00C04F79EFBC}") = "CRSTransformationUtility", "Examples\CRSTransformationUtility\CRSTransformationUtility.csproj", "{9D5D5AE3-9B5F-4E45-BEF6-DDD1B5EE8A53}"
EndProject
Global
	GlobalSection(SolutionConfigurationPlatforms) = preSolution
		Debug|Any CPU = Debug|Any CPU
		Debug|x64 = Debug|x64
		Debug|x86 = Debug|x86
		Release|Any CPU = Release|Any CPU
		Release|x64 = Release|x64
		Release|x86 = Release|x86
	EndGlobalSection
	GlobalSection(ProjectConfigurationPlatforms) = postSolution
		{9B44F499-6935-4FD7-8078-4FAEEEDA1CF4}.Debug|Any CPU.ActiveCfg = Debug|Any CPU
		{9B44F499-6935-4FD7-8078-4FAEEEDA1CF4}.Debug|Any CPU.Build.0 = Debug|Any CPU
		{9B44F499-6935-4FD7-8078-4FAEEEDA1CF4}.Debug|x64.ActiveCfg = Debug|x64
		{9B44F499-6935-4FD7-8078-4FAEEEDA1CF4}.Debug|x64.Build.0 = Debug|x64
		{9B44F499-6935-4FD7-8078-4FAEEEDA1CF4}.Debug|x86.ActiveCfg = Debug|x86
		{9B44F499-6935-4FD7-8078-4FAEEEDA1CF4}.Debug|x86.Build.0 = Debug|x86
		{9B44F499-6935-4FD7-8078-4FAEEEDA1CF4}.Release|Any CPU.ActiveCfg = Release|Any CPU
		{9B44F499-6935-4FD7-8078-4FAEEEDA1CF4}.Release|Any CPU.Build.0 = Release|Any CPU
		{9B44F499-6935-4FD7-8078-4FAEEEDA1CF4}.Release|x64.ActiveCfg = Release|x64
		{9B44F499-6935-4FD7-8078-4FAEEEDA1CF4}.Release|x64.Build.0 = Release|x64
		{9B44F499-6935-4FD7-8078-4FAEEEDA1CF4}.Release|x86.ActiveCfg = Release|x86
		{9B44F499-6935-4FD7-8078-4FAEEEDA1CF4}.Release|x86.Build.0 = Release|x86
		{C89DEB9B-4DCA-4792-B216-F00808606AF7}.Debug|Any CPU.ActiveCfg = Debug|Any CPU
		{C89DEB9B-4DCA-4792-B216-F00808606AF7}.Debug|Any CPU.Build.0 = Debug|Any CPU
		{C89DEB9B-4DCA-4792-B216-F00808606AF7}.Debug|x64.ActiveCfg = Debug|Any CPU
		{C89DEB9B-4DCA-4792-B216-F00808606AF7}.Debug|x64.Build.0 = Debug|Any CPU
		{C89DEB9B-4DCA-4792-B216-F00808606AF7}.Debug|x86.ActiveCfg = Debug|Any CPU
		{C89DEB9B-4DCA-4792-B216-F00808606AF7}.Debug|x86.Build.0 = Debug|Any CPU
		{C89DEB9B-4DCA-4792-B216-F00808606AF7}.Release|Any CPU.ActiveCfg = Release|Any CPU
		{C89DEB9B-4DCA-4792-B216-F00808606AF7}.Release|Any CPU.Build.0 = Release|Any CPU
		{C89DEB9B-4DCA-4792-B216-F00808606AF7}.Release|x64.ActiveCfg = Release|x64
		{C89DEB9B-4DCA-4792-B216-F00808606AF7}.Release|x64.Build.0 = Release|x64
		{C89DEB9B-4DCA-4792-B216-F00808606AF7}.Release|x86.ActiveCfg = Release|x86
		{C89DEB9B-4DCA-4792-B216-F00808606AF7}.Release|x86.Build.0 = Release|x86
		{EB97525D-0906-4A14-A995-93667B565521}.Debug|Any CPU.ActiveCfg = Debug|Any CPU
		{EB97525D-0906-4A14-A995-93667B565521}.Debug|Any CPU.Build.0 = Debug|Any CPU
		{EB97525D-0906-4A14-A995-93667B565521}.Debug|x64.ActiveCfg = Debug|Any CPU
		{EB97525D-0906-4A14-A995-93667B565521}.Debug|x64.Build.0 = Debug|Any CPU
		{EB97525D-0906-4A14-A995-93667B565521}.Debug|x86.ActiveCfg = Debug|Any CPU
		{EB97525D-0906-4A14-A995-93667B565521}.Debug|x86.Build.0 = Debug|Any CPU
		{EB97525D-0906-4A14-A995-93667B565521}.Release|Any CPU.ActiveCfg = Release|Any CPU
		{EB97525D-0906-4A14-A995-93667B565521}.Release|Any CPU.Build.0 = Release|Any CPU
		{EB97525D-0906-4A14-A995-93667B565521}.Release|x64.ActiveCfg = Release|x64
		{EB97525D-0906-4A14-A995-93667B565521}.Release|x64.Build.0 = Release|x64
		{EB97525D-0906-4A14-A995-93667B565521}.Release|x86.ActiveCfg = Release|x86
		{EB97525D-0906-4A14-A995-93667B565521}.Release|x86.Build.0 = Release|x86
		{9B3D02D0-D57D-4E7D-A04C-9DDCB36F0CE7}.Debug|Any CPU.ActiveCfg = Debug|Any CPU
		{9B3D02D0-D57D-4E7D-A04C-9DDCB36F0CE7}.Debug|Any CPU.Build.0 = Debug|Any CPU
		{9B3D02D0-D57D-4E7D-A04C-9DDCB36F0CE7}.Debug|x64.ActiveCfg = Debug|Any CPU
		{9B3D02D0-D57D-4E7D-A04C-9DDCB36F0CE7}.Debug|x64.Build.0 = Debug|Any CPU
		{9B3D02D0-D57D-4E7D-A04C-9DDCB36F0CE7}.Debug|x86.ActiveCfg = Debug|Any CPU
		{9B3D02D0-D57D-4E7D-A04C-9DDCB36F0CE7}.Debug|x86.Build.0 = Debug|Any CPU
		{9B3D02D0-D57D-4E7D-A04C-9DDCB36F0CE7}.Release|Any CPU.ActiveCfg = Release|Any CPU
		{9B3D02D0-D57D-4E7D-A04C-9DDCB36F0CE7}.Release|Any CPU.Build.0 = Release|Any CPU
		{9B3D02D0-D57D-4E7D-A04C-9DDCB36F0CE7}.Release|x64.ActiveCfg = Release|Any CPU
		{9B3D02D0-D57D-4E7D-A04C-9DDCB36F0CE7}.Release|x86.ActiveCfg = Release|Any CPU
		{95935182-7ED1-45FC-96BA-CBF6AFBF0E38}.Debug|Any CPU.ActiveCfg = Debug|Any CPU
		{95935182-7ED1-45FC-96BA-CBF6AFBF0E38}.Debug|Any CPU.Build.0 = Debug|Any CPU
		{95935182-7ED1-45FC-96BA-CBF6AFBF0E38}.Debug|x64.ActiveCfg = Debug|Any CPU
		{95935182-7ED1-45FC-96BA-CBF6AFBF0E38}.Debug|x64.Build.0 = Debug|Any CPU
		{95935182-7ED1-45FC-96BA-CBF6AFBF0E38}.Debug|x86.ActiveCfg = Debug|Any CPU
		{95935182-7ED1-45FC-96BA-CBF6AFBF0E38}.Debug|x86.Build.0 = Debug|Any CPU
		{95935182-7ED1-45FC-96BA-CBF6AFBF0E38}.Release|Any CPU.ActiveCfg = Release|Any CPU
		{95935182-7ED1-45FC-96BA-CBF6AFBF0E38}.Release|Any CPU.Build.0 = Release|Any CPU
		{95935182-7ED1-45FC-96BA-CBF6AFBF0E38}.Release|x64.ActiveCfg = Release|Any CPU
		{95935182-7ED1-45FC-96BA-CBF6AFBF0E38}.Release|x64.Build.0 = Release|Any CPU
		{95935182-7ED1-45FC-96BA-CBF6AFBF0E38}.Release|x86.ActiveCfg = Release|Any CPU
		{95935182-7ED1-45FC-96BA-CBF6AFBF0E38}.Release|x86.Build.0 = Release|Any CPU
		{AA9B6017-634D-41A3-BF2E-AE98744DAAD7}.Debug|Any CPU.ActiveCfg = Debug|Any CPU
		{AA9B6017-634D-41A3-BF2E-AE98744DAAD7}.Debug|Any CPU.Build.0 = Debug|Any CPU
		{AA9B6017-634D-41A3-BF2E-AE98744DAAD7}.Debug|x64.ActiveCfg = Debug|Any CPU
		{AA9B6017-634D-41A3-BF2E-AE98744DAAD7}.Debug|x64.Build.0 = Debug|Any CPU
		{AA9B6017-634D-41A3-BF2E-AE98744DAAD7}.Debug|x86.ActiveCfg = Debug|Any CPU
		{AA9B6017-634D-41A3-BF2E-AE98744DAAD7}.Debug|x86.Build.0 = Debug|Any CPU
		{AA9B6017-634D-41A3-BF2E-AE98744DAAD7}.Release|Any CPU.ActiveCfg = Release|Any CPU
		{AA9B6017-634D-41A3-BF2E-AE98744DAAD7}.Release|Any CPU.Build.0 = Release|Any CPU
		{AA9B6017-634D-41A3-BF2E-AE98744DAAD7}.Release|x64.ActiveCfg = Release|Any CPU
		{AA9B6017-634D-41A3-BF2E-AE98744DAAD7}.Release|x64.Build.0 = Release|Any CPU
		{AA9B6017-634D-41A3-BF2E-AE98744DAAD7}.Release|x86.ActiveCfg = Release|Any CPU
		{AA9B6017-634D-41A3-BF2E-AE98744DAAD7}.Release|x86.Build.0 = Release|Any CPU
		{5206328B-C821-4F8A-B66A-694CD16FAF0F}.Debug|Any CPU.ActiveCfg = Debug|Any CPU
		{5206328B-C821-4F8A-B66A-694CD16FAF0F}.Debug|Any CPU.Build.0 = Debug|Any CPU
		{5206328B-C821-4F8A-B66A-694CD16FAF0F}.Debug|x64.ActiveCfg = Debug|Any CPU
		{5206328B-C821-4F8A-B66A-694CD16FAF0F}.Debug|x64.Build.0 = Debug|Any CPU
		{5206328B-C821-4F8A-B66A-694CD16FAF0F}.Debug|x86.ActiveCfg = Debug|Any CPU
		{5206328B-C821-4F8A-B66A-694CD16FAF0F}.Debug|x86.Build.0 = Debug|Any CPU
		{5206328B-C821-4F8A-B66A-694CD16FAF0F}.Release|Any CPU.ActiveCfg = Release|Any CPU
		{5206328B-C821-4F8A-B66A-694CD16FAF0F}.Release|Any CPU.Build.0 = Release|Any CPU
		{5206328B-C821-4F8A-B66A-694CD16FAF0F}.Release|x64.ActiveCfg = Release|Any CPU
		{5206328B-C821-4F8A-B66A-694CD16FAF0F}.Release|x64.Build.0 = Release|Any CPU
		{5206328B-C821-4F8A-B66A-694CD16FAF0F}.Release|x86.ActiveCfg = Release|Any CPU
		{5206328B-C821-4F8A-B66A-694CD16FAF0F}.Release|x86.Build.0 = Release|Any CPU
		{1D32FD4E-5B47-401C-BA32-DD3EE447C91A}.Debug|Any CPU.ActiveCfg = Debug|Any CPU
		{1D32FD4E-5B47-401C-BA32-DD3EE447C91A}.Debug|Any CPU.Build.0 = Debug|Any CPU
		{1D32FD4E-5B47-401C-BA32-DD3EE447C91A}.Debug|x64.ActiveCfg = Debug|Any CPU
		{1D32FD4E-5B47-401C-BA32-DD3EE447C91A}.Debug|x64.Build.0 = Debug|Any CPU
		{1D32FD4E-5B47-401C-BA32-DD3EE447C91A}.Debug|x86.ActiveCfg = Debug|Any CPU
		{1D32FD4E-5B47-401C-BA32-DD3EE447C91A}.Debug|x86.Build.0 = Debug|Any CPU
		{1D32FD4E-5B47-401C-BA32-DD3EE447C91A}.Release|Any CPU.ActiveCfg = Release|Any CPU
		{1D32FD4E-5B47-401C-BA32-DD3EE447C91A}.Release|Any CPU.Build.0 = Release|Any CPU
		{1D32FD4E-5B47-401C-BA32-DD3EE447C91A}.Release|x64.ActiveCfg = Release|Any CPU
		{1D32FD4E-5B47-401C-BA32-DD3EE447C91A}.Release|x64.Build.0 = Release|Any CPU
		{1D32FD4E-5B47-401C-BA32-DD3EE447C91A}.Release|x86.ActiveCfg = Release|Any CPU
		{1D32FD4E-5B47-401C-BA32-DD3EE447C91A}.Release|x86.Build.0 = Release|Any CPU
		{83A23771-248F-4CE4-B382-DD81B872DDF0}.Debug|Any CPU.ActiveCfg = Debug|Any CPU
		{83A23771-248F-4CE4-B382-DD81B872DDF0}.Debug|Any CPU.Build.0 = Debug|Any CPU
		{83A23771-248F-4CE4-B382-DD81B872DDF0}.Debug|x64.ActiveCfg = Debug|Any CPU
		{83A23771-248F-4CE4-B382-DD81B872DDF0}.Debug|x64.Build.0 = Debug|Any CPU
		{83A23771-248F-4CE4-B382-DD81B872DDF0}.Debug|x86.ActiveCfg = Debug|Any CPU
		{83A23771-248F-4CE4-B382-DD81B872DDF0}.Debug|x86.Build.0 = Debug|Any CPU
		{83A23771-248F-4CE4-B382-DD81B872DDF0}.Release|Any CPU.ActiveCfg = Release|Any CPU
		{83A23771-248F-4CE4-B382-DD81B872DDF0}.Release|Any CPU.Build.0 = Release|Any CPU
		{83A23771-248F-4CE4-B382-DD81B872DDF0}.Release|x64.ActiveCfg = Release|Any CPU
		{83A23771-248F-4CE4-B382-DD81B872DDF0}.Release|x64.Build.0 = Release|Any CPU
		{83A23771-248F-4CE4-B382-DD81B872DDF0}.Release|x86.ActiveCfg = Release|Any CPU
		{83A23771-248F-4CE4-B382-DD81B872DDF0}.Release|x86.Build.0 = Release|Any CPU
		{C6E49FF8-4BEC-4DB0-8671-BF76DFF49D78}.Debug|Any CPU.ActiveCfg = Debug|Any CPU
		{C6E49FF8-4BEC-4DB0-8671-BF76DFF49D78}.Debug|Any CPU.Build.0 = Debug|Any CPU
		{C6E49FF8-4BEC-4DB0-8671-BF76DFF49D78}.Debug|x64.ActiveCfg = Debug|Any CPU
		{C6E49FF8-4BEC-4DB0-8671-BF76DFF49D78}.Debug|x64.Build.0 = Debug|Any CPU
		{C6E49FF8-4BEC-4DB0-8671-BF76DFF49D78}.Debug|x86.ActiveCfg = Debug|Any CPU
		{C6E49FF8-4BEC-4DB0-8671-BF76DFF49D78}.Debug|x86.Build.0 = Debug|Any CPU
		{C6E49FF8-4BEC-4DB0-8671-BF76DFF49D78}.Release|Any CPU.ActiveCfg = Release|Any CPU
		{C6E49FF8-4BEC-4DB0-8671-BF76DFF49D78}.Release|Any CPU.Build.0 = Release|Any CPU
		{C6E49FF8-4BEC-4DB0-8671-BF76DFF49D78}.Release|x64.ActiveCfg = Release|Any CPU
		{C6E49FF8-4BEC-4DB0-8671-BF76DFF49D78}.Release|x64.Build.0 = Release|Any CPU
		{C6E49FF8-4BEC-4DB0-8671-BF76DFF49D78}.Release|x86.ActiveCfg = Release|Any CPU
		{C6E49FF8-4BEC-4DB0-8671-BF76DFF49D78}.Release|x86.Build.0 = Release|Any CPU
		{096C55E0-25C7-42DC-B0E0-FF62BF82427B}.Debug|Any CPU.ActiveCfg = Debug|Any CPU
		{096C55E0-25C7-42DC-B0E0-FF62BF82427B}.Debug|Any CPU.Build.0 = Debug|Any CPU
		{096C55E0-25C7-42DC-B0E0-FF62BF82427B}.Debug|x64.ActiveCfg = Debug|Any CPU
		{096C55E0-25C7-42DC-B0E0-FF62BF82427B}.Debug|x64.Build.0 = Debug|Any CPU
		{096C55E0-25C7-42DC-B0E0-FF62BF82427B}.Debug|x86.ActiveCfg = Debug|Any CPU
		{096C55E0-25C7-42DC-B0E0-FF62BF82427B}.Debug|x86.Build.0 = Debug|Any CPU
		{096C55E0-25C7-42DC-B0E0-FF62BF82427B}.Release|Any CPU.ActiveCfg = Release|Any CPU
		{096C55E0-25C7-42DC-B0E0-FF62BF82427B}.Release|Any CPU.Build.0 = Release|Any CPU
		{096C55E0-25C7-42DC-B0E0-FF62BF82427B}.Release|x64.ActiveCfg = Release|Any CPU
		{096C55E0-25C7-42DC-B0E0-FF62BF82427B}.Release|x64.Build.0 = Release|Any CPU
		{096C55E0-25C7-42DC-B0E0-FF62BF82427B}.Release|x86.ActiveCfg = Release|Any CPU
		{096C55E0-25C7-42DC-B0E0-FF62BF82427B}.Release|x86.Build.0 = Release|Any CPU
		{3172EF37-14A5-46B5-AC88-DDC9C0C267D4}.Debug|Any CPU.ActiveCfg = Debug|Any CPU
		{3172EF37-14A5-46B5-AC88-DDC9C0C267D4}.Debug|Any CPU.Build.0 = Debug|Any CPU
		{3172EF37-14A5-46B5-AC88-DDC9C0C267D4}.Debug|x64.ActiveCfg = Debug|Any CPU
		{3172EF37-14A5-46B5-AC88-DDC9C0C267D4}.Debug|x64.Build.0 = Debug|Any CPU
		{3172EF37-14A5-46B5-AC88-DDC9C0C267D4}.Debug|x86.ActiveCfg = Debug|Any CPU
		{3172EF37-14A5-46B5-AC88-DDC9C0C267D4}.Debug|x86.Build.0 = Debug|Any CPU
		{3172EF37-14A5-46B5-AC88-DDC9C0C267D4}.Release|Any CPU.ActiveCfg = Release|Any CPU
		{3172EF37-14A5-46B5-AC88-DDC9C0C267D4}.Release|Any CPU.Build.0 = Release|Any CPU
		{3172EF37-14A5-46B5-AC88-DDC9C0C267D4}.Release|x64.ActiveCfg = Release|Any CPU
		{3172EF37-14A5-46B5-AC88-DDC9C0C267D4}.Release|x64.Build.0 = Release|Any CPU
		{3172EF37-14A5-46B5-AC88-DDC9C0C267D4}.Release|x86.ActiveCfg = Release|Any CPU
		{3172EF37-14A5-46B5-AC88-DDC9C0C267D4}.Release|x86.Build.0 = Release|Any CPU
		{AE42C555-E81C-4715-8660-730CAF4CB361}.Debug|Any CPU.ActiveCfg = Debug|Any CPU
		{AE42C555-E81C-4715-8660-730CAF4CB361}.Debug|Any CPU.Build.0 = Debug|Any CPU
		{AE42C555-E81C-4715-8660-730CAF4CB361}.Debug|x64.ActiveCfg = Debug|Any CPU
		{AE42C555-E81C-4715-8660-730CAF4CB361}.Debug|x64.Build.0 = Debug|Any CPU
		{AE42C555-E81C-4715-8660-730CAF4CB361}.Debug|x86.ActiveCfg = Debug|Any CPU
		{AE42C555-E81C-4715-8660-730CAF4CB361}.Debug|x86.Build.0 = Debug|Any CPU
		{AE42C555-E81C-4715-8660-730CAF4CB361}.Release|Any CPU.ActiveCfg = Release|Any CPU
		{AE42C555-E81C-4715-8660-730CAF4CB361}.Release|Any CPU.Build.0 = Release|Any CPU
		{AE42C555-E81C-4715-8660-730CAF4CB361}.Release|x64.ActiveCfg = Release|Any CPU
		{AE42C555-E81C-4715-8660-730CAF4CB361}.Release|x64.Build.0 = Release|Any CPU
		{AE42C555-E81C-4715-8660-730CAF4CB361}.Release|x86.ActiveCfg = Release|Any CPU
		{AE42C555-E81C-4715-8660-730CAF4CB361}.Release|x86.Build.0 = Release|Any CPU
		{F5FA7BC7-73E5-4F49-9D68-74C02A1599BF}.Debug|Any CPU.ActiveCfg = Debug|Any CPU
		{F5FA7BC7-73E5-4F49-9D68-74C02A1599BF}.Debug|Any CPU.Build.0 = Debug|Any CPU
		{F5FA7BC7-73E5-4F49-9D68-74C02A1599BF}.Debug|x64.ActiveCfg = Debug|Any CPU
		{F5FA7BC7-73E5-4F49-9D68-74C02A1599BF}.Debug|x64.Build.0 = Debug|Any CPU
		{F5FA7BC7-73E5-4F49-9D68-74C02A1599BF}.Debug|x86.ActiveCfg = Debug|Any CPU
		{F5FA7BC7-73E5-4F49-9D68-74C02A1599BF}.Debug|x86.Build.0 = Debug|Any CPU
		{F5FA7BC7-73E5-4F49-9D68-74C02A1599BF}.Release|Any CPU.ActiveCfg = Release|Any CPU
		{F5FA7BC7-73E5-4F49-9D68-74C02A1599BF}.Release|Any CPU.Build.0 = Release|Any CPU
		{F5FA7BC7-73E5-4F49-9D68-74C02A1599BF}.Release|x64.ActiveCfg = Release|Any CPU
		{F5FA7BC7-73E5-4F49-9D68-74C02A1599BF}.Release|x64.Build.0 = Release|Any CPU
		{F5FA7BC7-73E5-4F49-9D68-74C02A1599BF}.Release|x86.ActiveCfg = Release|Any CPU
		{F5FA7BC7-73E5-4F49-9D68-74C02A1599BF}.Release|x86.Build.0 = Release|Any CPU
		{9D5D5AE3-9B5F-4E45-BEF6-DDD1B5EE8A53}.Debug|Any CPU.ActiveCfg = Debug|Any CPU
		{9D5D5AE3-9B5F-4E45-BEF6-DDD1B5EE8A53}.Debug|Any CPU.Build.0 = Debug|Any CPU
		{9D5D5AE3-9B5F-4E45-BEF6-DDD1B5EE8A53}.Debug|x64.ActiveCfg = Debug|Any CPU
		{9D5D5AE3-9B5F-4E45-BEF6-DDD1B5EE8A53}.Debug|x64.Build.0 = Debug|Any CPU
		{9D5D5AE3-9B5F-4E45-BEF6-DDD1B5EE8A53}.Debug|x86.ActiveCfg = Debug|Any CPU
		{9D5D5AE3-9B5F-4E45-BEF6-DDD1B5EE8A53}.Debug|x86.Build.0 = Debug|Any CPU
		{9D5D5AE3-9B5F-4E45-BEF6-DDD1B5EE8A53}.Release|Any CPU.ActiveCfg = Release|Any CPU
		{9D5D5AE3-9B5F-4E45-BEF6-DDD1B5EE8A53}.Release|Any CPU.Build.0 = Release|Any CPU
		{9D5D5AE3-9B5F-4E45-BEF6-DDD1B5EE8A53}.Release|x64.ActiveCfg = Release|Any CPU
		{9D5D5AE3-9B5F-4E45-BEF6-DDD1B5EE8A53}.Release|x64.Build.0 = Release|Any CPU
		{9D5D5AE3-9B5F-4E45-BEF6-DDD1B5EE8A53}.Release|x86.ActiveCfg = Release|Any CPU
		{9D5D5AE3-9B5F-4E45-BEF6-DDD1B5EE8A53}.Release|x86.Build.0 = Release|Any CPU
	EndGlobalSection
	GlobalSection(SolutionProperties) = preSolution
		HideSolutionNode = FALSE
	EndGlobalSection
	GlobalSection(NestedProjects) = preSolution
		{5206328B-C821-4F8A-B66A-694CD16FAF0F} = {439DE25C-1EAC-4A1C-84B1-4466456B56BE}
		{1D32FD4E-5B47-401C-BA32-DD3EE447C91A} = {439DE25C-1EAC-4A1C-84B1-4466456B56BE}
		{83A23771-248F-4CE4-B382-DD81B872DDF0} = {439DE25C-1EAC-4A1C-84B1-4466456B56BE}
		{C6E49FF8-4BEC-4DB0-8671-BF76DFF49D78} = {439DE25C-1EAC-4A1C-84B1-4466456B56BE}
		{096C55E0-25C7-42DC-B0E0-FF62BF82427B} = {439DE25C-1EAC-4A1C-84B1-4466456B56BE}
		{3172EF37-14A5-46B5-AC88-DDC9C0C267D4} = {439DE25C-1EAC-4A1C-84B1-4466456B56BE}
		{AE42C555-E81C-4715-8660-730CAF4CB361} = {439DE25C-1EAC-4A1C-84B1-4466456B56BE}
		{F5FA7BC7-73E5-4F49-9D68-74C02A1599BF} = {439DE25C-1EAC-4A1C-84B1-4466456B56BE}
		{9D5D5AE3-9B5F-4E45-BEF6-DDD1B5EE8A53} = {439DE25C-1EAC-4A1C-84B1-4466456B56BE}
	EndGlobalSection
	GlobalSection(ExtensibilityGlobals) = postSolution
		SolutionGuid = {60B36582-ED97-4BA9-B1F1-FC4A3E293696}
	EndGlobalSection
EndGlobal
