
Microsoft Visual Studio Solution File, Format Version 12.00
# Visual Studio 15
VisualStudioVersion = 15.0.28307.572
MinimumVisualStudioVersion = 10.0.40219.1
Project("{FAE04EC0-301F-11D3-BF4B-00C04F79EFBC}") = "CRSTransformationUtility", "CRSTransformationUtility.csproj", "{9D5D5AE3-9B5F-4E45-BEF6-DDD1B5EE8A53}"
EndProject
Global
	GlobalSection(SolutionConfigurationPlatforms) = preSolution
		Debug|Any CPU = Debug|Any CPU
		Debug|x64 = Debug|x64
		Debug|x86 = Debug|x86
		Release|Any CPU = Release|Any CPU
		Release|x64 = Release|x64
		Release|x86 = Release|x86
	EndGlobalSection
	GlobalSection(ProjectConfigurationPlatforms) = postSolution
		{9D5D5AE3-9B5F-4E45-BEF6-DDD1B5EE8A53}.Debug|Any CPU.ActiveCfg = Debug|Any CPU
		{9D5D5AE3-9B5F-4E45-BEF6-DDD1B5EE8A53}.Debug|Any CPU.Build.0 = Debug|Any CPU
		{9D5D5AE3-9B5F-4E45-BEF6-DDD1B5EE8A53}.Debug|x64.ActiveCfg = Debug|Any CPU
		{9D5D5AE3-9B5F-4E45-BEF6-DDD1B5EE8A53}.Debug|x64.Build.0 = Debug|Any CPU
		{9D5D5AE3-9B5F-4E45-BEF6-DDD1B5EE8A53}.Debug|x86.ActiveCfg = Debug|Any CPU
		{9D5D5AE3-9B5F-4E45-BEF6-DDD1B5EE8A53}.Debug|x86.Build.0 = Debug|Any CPU
		{9D5D5AE3-9B5F-4E45-BEF6-DDD1B5EE8A53}.Release|Any CPU.ActiveCfg = Release|Any CPU
		{9D5D5AE3-9B5F-4E45-BEF6-DDD1B5EE8A53}.Release|Any CPU.Build.0 = Release|Any CPU
		{9D5D5AE3-9B5F-4E45-BEF6-DDD1B5EE8A53}.Release|x64.ActiveCfg = Release|Any CPU
		{9D5D5AE3-9B5F-4E45-BEF6-DDD1B5EE8A53}.Release|x64.Build.0 = Release|Any CPU
		{9D5D5AE3-9B5F-4E45-BEF6-DDD1B5EE8A53}.Release|x86.ActiveCfg = Release|Any CPU
		{9D5D5AE3-9B5F-4E45-BEF6-DDD1B5EE8A53}.Release|x86.Build.0 = Release|Any CPU
	EndGlobalSection
	GlobalSection(SolutionProperties) = preSolution
		HideSolutionNode = FALSE
	EndGlobalSection
	GlobalSection(ExtensibilityGlobals) = postSolution
		SolutionGuid = {F3515705-D265-4139-BFEB-709E2EE2D585}
	EndGlobalSection
EndGlobal
